
Microsoft Visual Studio Solution File, Format Version 12.00
# Visual Studio 15
Project("{FAE04EC0-301F-11D3-BF4B-00C04F79EFBC}") = "Assembly-CSharp", "Assembly-CSharp.csproj", "{F05CD3FF-B3AF-6247-139E-B8132673E075}"
EndProject
Global
	GlobalSection(SolutionConfigurationPlatforms) = preSolution
		Debug|Any CPU = Debug|Any CPU
		Release|Any CPU = Release|Any CPU
	EndGlobalSection
	GlobalSection(ProjectConfigurationPlatforms) = postSolution
		{F05CD3FF-B3AF-6247-139E-B8132673E075}.Debug|Any CPU.ActiveCfg = Debug|Any CPU
		{F05CD3FF-B3AF-6247-139E-B8132673E075}.Debug|Any CPU.Build.0 = Debug|Any CPU
		{F05CD3FF-B3AF-6247-139E-B8132673E075}.Release|Any CPU.ActiveCfg = Release|Any CPU
		{F05CD3FF-B3AF-6247-139E-B8132673E075}.Release|Any CPU.Build.0 = Release|Any CPU
	EndGlobalSection
	GlobalSection(SolutionProperties) = preSolution
		HideSolutionNode = FALSE
	EndGlobalSection
EndGlobal
